{
  "requires": true,
  "lockfileVersion": 1,
  "dependencies": {
    "curry": {
      "version": "0.0.4",
      "resolved": "https://registry.npm.taobao.org/curry/download/curry-0.0.4.tgz",
      "integrity": "sha1-F1DVGNkZxE89N/9E7caT3h8NX8s=",
      "dev": true
    },
    "render": {
      "version": "0.1.4",
      "resolved": "https://registry.npm.taobao.org/render/download/render-0.1.4.tgz",
      "integrity": "sha1-z7M6NOJgaFkdQYRp4j2Mxc4c7/U=",
      "dev": true,
      "requires": {
        "traverser": "0.0.x"
      }
    },
    "traverser": {
      "version": "0.0.5",
      "resolved": "https://registry.npm.taobao.org/traverser/download/traverser-0.0.5.tgz",
      "integrity": "sha1-xm84xFagwhqIAUsSI1gMfr4GMes=",
      "dev": true,
      "requires": {
        "curry": "0.0.x"
      }
    }
  }
}
